// !$*UTF8*$!
{
	archiveVersion = 1;
	classes = {
	};
	objectVersion = 77;
	objects = {

/* Begin PBXBuildFile section */
		D64AD40C2D1C7EA400B3BD4B /* RootNavigationView.swift in Sources */ = {isa = PBXBuildFile; fileRef = D64AD40B2D1C7EA400B3BD4B /* RootNavigationView.swift */; };
		D64D7B092D1C3583000495C2 /* TaskModel.swift in Sources */ = {isa = PBXBuildFile; fileRef = D64D7B082D1C3583000495C2 /* TaskModel.swift */; };
		D64D7B0B2D1C3670000495C2 /* TaskViewModel.swift in Sources */ = {isa = PBXBuildFile; fileRef = D64D7B0A2D1C3670000495C2 /* TaskViewModel.swift */; };
		D64D7B0D2D1C36D9000495C2 /* TaskViewController.swift in Sources */ = {isa = PBXBuildFile; fileRef = D64D7B0C2D1C36D9000495C2 /* TaskViewController.swift */; };
		D69A31662D1BFA6F00DFFEDB /* AppDelegate.swift in Sources */ = {isa = PBXBuildFile; fileRef = D69A31652D1BFA6F00DFFEDB /* AppDelegate.swift */; };
		D69A31682D1BFA6F00DFFEDB /* SceneDelegate.swift in Sources */ = {isa = PBXBuildFile; fileRef = D69A31672D1BFA6F00DFFEDB /* SceneDelegate.swift */; };
		D69A316A2D1BFA6F00DFFEDB /* ViewController.swift in Sources */ = {isa = PBXBuildFile; fileRef = D69A31692D1BFA6F00DFFEDB /* ViewController.swift */; };
		D69A316D2D1BFA6F00DFFEDB /* Main.storyboard in Resources */ = {isa = PBXBuildFile; fileRef = D69A316B2D1BFA6F00DFFEDB /* Main.storyboard */; };
		D69A316F2D1BFA7100DFFEDB /* Assets.xcassets in Resources */ = {isa = PBXBuildFile; fileRef = D69A316E2D1BFA7100DFFEDB /* Assets.xcassets */; };
		D69A31722D1BFA7100DFFEDB /* LaunchScreen.storyboard in Resources */ = {isa = PBXBuildFile; fileRef = D69A31702D1BFA7100DFFEDB /* LaunchScreen.storyboard */; };
		D69A31802D1BFCA300DFFEDB /* Then in Frameworks */ = {isa = PBXBuildFile; productRef = D69A317F2D1BFCA300DFFEDB /* Then */; };
		D69A31832D1BFCBA00DFFEDB /* SnapKit in Frameworks */ = {isa = PBXBuildFile; productRef = D69A31822D1BFCBA00DFFEDB /* SnapKit */; };
		D69A318B2D1C0BCB00DFFEDB /* UserLoginViewController.swift in Sources */ = {isa = PBXBuildFile; fileRef = D69A318A2D1C0BCB00DFFEDB /* UserLoginViewController.swift */; };
		D69A318D2D1C0D7400DFFEDB /* LoginViewModel.swift in Sources */ = {isa = PBXBuildFile; fileRef = D69A318C2D1C0D7400DFFEDB /* LoginViewModel.swift */; };
		D69A318F2D1C0D9800DFFEDB /* UserModel.swift in Sources */ = {isa = PBXBuildFile; fileRef = D69A318E2D1C0D9800DFFEDB /* UserModel.swift */; };
		D6C609AE2D1C2AD100DEE0EE /* Alamofire in Frameworks */ = {isa = PBXBuildFile; productRef = D6C609AD2D1C2AD100DEE0EE /* Alamofire */; };
/* End PBXBuildFile section */

/* Begin PBXFileReference section */
		D64AD40B2D1C7EA400B3BD4B /* RootNavigationView.swift */ = {isa = PBXFileReference; lastKnownFileType = sourcecode.swift; path = RootNavigationView.swift; sourceTree = "<group>"; };
		D64D7B082D1C3583000495C2 /* TaskModel.swift */ = {isa = PBXFileReference; lastKnownFileType = sourcecode.swift; path = TaskModel.swift; sourceTree = "<group>"; };
		D64D7B0A2D1C3670000495C2 /* TaskViewModel.swift */ = {isa = PBXFileReference; lastKnownFileType = sourcecode.swift; path = TaskViewModel.swift; sourceTree = "<group>"; };
		D64D7B0C2D1C36D9000495C2 /* TaskViewController.swift */ = {isa = PBXFileReference; lastKnownFileType = sourcecode.swift; path = TaskViewController.swift; sourceTree = "<group>"; };
		D69A31622D1BFA6F00DFFEDB /* MVVM_practice.app */ = {isa = PBXFileReference; explicitFileType = wrapper.application; includeInIndex = 0; path = MVVM_practice.app; sourceTree = BUILT_PRODUCTS_DIR; };
		D69A31652D1BFA6F00DFFEDB /* AppDelegate.swift */ = {isa = PBXFileReference; lastKnownFileType = sourcecode.swift; path = AppDelegate.swift; sourceTree = "<group>"; };
		D69A31672D1BFA6F00DFFEDB /* SceneDelegate.swift */ = {isa = PBXFileReference; lastKnownFileType = sourcecode.swift; path = SceneDelegate.swift; sourceTree = "<group>"; };
		D69A31692D1BFA6F00DFFEDB /* ViewController.swift */ = {isa = PBXFileReference; lastKnownFileType = sourcecode.swift; path = ViewController.swift; sourceTree = "<group>"; };
		D69A316C2D1BFA6F00DFFEDB /* Base */ = {isa = PBXFileReference; lastKnownFileType = file.storyboard; name = Base; path = Base.lproj/Main.storyboard; sourceTree = "<group>"; };
		D69A316E2D1BFA7100DFFEDB /* Assets.xcassets */ = {isa = PBXFileReference; lastKnownFileType = folder.assetcatalog; path = Assets.xcassets; sourceTree = "<group>"; };
		D69A31712D1BFA7100DFFEDB /* Base */ = {isa = PBXFileReference; lastKnownFileType = file.storyboard; name = Base; path = Base.lproj/LaunchScreen.storyboard; sourceTree = "<group>"; };
		D69A31732D1BFA7100DFFEDB /* Info.plist */ = {isa = PBXFileReference; lastKnownFileType = text.plist.xml; path = Info.plist; sourceTree = "<group>"; };
		D69A318A2D1C0BCB00DFFEDB /* UserLoginViewController.swift */ = {isa = PBXFileReference; lastKnownFileType = sourcecode.swift; path = UserLoginViewController.swift; sourceTree = "<group>"; };
		D69A318C2D1C0D7400DFFEDB /* LoginViewModel.swift */ = {isa = PBXFileReference; lastKnownFileType = sourcecode.swift; path = LoginViewModel.swift; sourceTree = "<group>"; };
		D69A318E2D1C0D9800DFFEDB /* UserModel.swift */ = {isa = PBXFileReference; lastKnownFileType = sourcecode.swift; path = UserModel.swift; sourceTree = "<group>"; };
/* End PBXFileReference section */

/* Begin PBXFrameworksBuildPhase section */
		D69A315F2D1BFA6F00DFFEDB /* Frameworks */ = {
			isa = PBXFrameworksBuildPhase;
			buildActionMask = 2147483647;
			files = (
				D6C609AE2D1C2AD100DEE0EE /* Alamofire in Frameworks */,
				D69A31802D1BFCA300DFFEDB /* Then in Frameworks */,
				D69A31832D1BFCBA00DFFEDB /* SnapKit in Frameworks */,
			);
			runOnlyForDeploymentPostprocessing = 0;
		};
/* End PBXFrameworksBuildPhase section */

/* Begin PBXGroup section */
		D69A31592D1BFA6F00DFFEDB = {
			isa = PBXGroup;
			children = (
				D69A317D2D1BFC2A00DFFEDB /* Presentation */,
				D69A317B2D1BFC0200DFFEDB /* Global */,
				D69A317A2D1BFBCD00DFFEDB /* Application */,
				D69A31632D1BFA6F00DFFEDB /* Products */,
			);
			sourceTree = "<group>";
		};
		D69A31632D1BFA6F00DFFEDB /* Products */ = {
			isa = PBXGroup;
			children = (
				D69A31622D1BFA6F00DFFEDB /* MVVM_practice.app */,
			);
			name = Products;
			sourceTree = "<group>";
		};
		D69A317A2D1BFBCD00DFFEDB /* Application */ = {
			isa = PBXGroup;
			children = (
				D69A31672D1BFA6F00DFFEDB /* SceneDelegate.swift */,
				D69A31702D1BFA7100DFFEDB /* LaunchScreen.storyboard */,
				D69A31732D1BFA7100DFFEDB /* Info.plist */,
				D69A316B2D1BFA6F00DFFEDB /* Main.storyboard */,
				D69A31652D1BFA6F00DFFEDB /* AppDelegate.swift */,
			);
			path = Application;
			sourceTree = "<group>";
		};
		D69A317B2D1BFC0200DFFEDB /* Global */ = {
			isa = PBXGroup;
			children = (
				D69A317C2D1BFC1000DFFEDB /* Resources */,
			);
			path = Global;
			sourceTree = "<group>";
		};
		D69A317C2D1BFC1000DFFEDB /* Resources */ = {
			isa = PBXGroup;
			children = (
				D69A316E2D1BFA7100DFFEDB /* Assets.xcassets */,
			);
			path = Resources;
			sourceTree = "<group>";
		};
		D69A317D2D1BFC2A00DFFEDB /* Presentation */ = {
			isa = PBXGroup;
			children = (
				D69A31892D1C052A00DFFEDB /* Model */,
				D69A31882D1C052400DFFEDB /* ViewModel */,
				D69A31872D1C051A00DFFEDB /* View */,
			);
			path = Presentation;
			sourceTree = "<group>";
		};
		D69A31872D1C051A00DFFEDB /* View */ = {
			isa = PBXGroup;
			children = (
				D69A31692D1BFA6F00DFFEDB /* ViewController.swift */,
				D69A318A2D1C0BCB00DFFEDB /* UserLoginViewController.swift */,
				D64D7B0C2D1C36D9000495C2 /* TaskViewController.swift */,
				D64AD40B2D1C7EA400B3BD4B /* RootNavigationView.swift */,
			);
			path = View;
			sourceTree = "<group>";
		};
		D69A31882D1C052400DFFEDB /* ViewModel */ = {
			isa = PBXGroup;
			children = (
				D69A318C2D1C0D7400DFFEDB /* LoginViewModel.swift */,
				D64D7B0A2D1C3670000495C2 /* TaskViewModel.swift */,
			);
			path = ViewModel;
			sourceTree = "<group>";
		};
		D69A31892D1C052A00DFFEDB /* Model */ = {
			isa = PBXGroup;
			children = (
				D69A318E2D1C0D9800DFFEDB /* UserModel.swift */,
				D64D7B082D1C3583000495C2 /* TaskModel.swift */,
			);
			path = Model;
			sourceTree = "<group>";
		};
/* End PBXGroup section */

/* Begin PBXNativeTarget section */
		D69A31612D1BFA6F00DFFEDB /* MVVM_practice */ = {
			isa = PBXNativeTarget;
			buildConfigurationList = D69A31752D1BFA7100DFFEDB /* Build configuration list for PBXNativeTarget "MVVM_practice" */;
			buildPhases = (
				D69A315E2D1BFA6F00DFFEDB /* Sources */,
				D69A315F2D1BFA6F00DFFEDB /* Frameworks */,
				D69A31602D1BFA6F00DFFEDB /* Resources */,
			);
			buildRules = (
			);
			dependencies = (
			);
			name = MVVM_practice;
			packageProductDependencies = (
				D69A317F2D1BFCA300DFFEDB /* Then */,
				D69A31822D1BFCBA00DFFEDB /* SnapKit */,
				D6C609AD2D1C2AD100DEE0EE /* Alamofire */,
			);
			productName = MVVM_practice;
			productReference = D69A31622D1BFA6F00DFFEDB /* MVVM_practice.app */;
			productType = "com.apple.product-type.application";
		};
/* End PBXNativeTarget section */

/* Begin PBXProject section */
		D69A315A2D1BFA6F00DFFEDB /* Project object */ = {
			isa = PBXProject;
			attributes = {
				BuildIndependentTargetsInParallel = 1;
				LastSwiftUpdateCheck = 1620;
				LastUpgradeCheck = 1620;
				TargetAttributes = {
					D69A31612D1BFA6F00DFFEDB = {
						CreatedOnToolsVersion = 16.2;
					};
				};
			};
			buildConfigurationList = D69A315D2D1BFA6F00DFFEDB /* Build configuration list for PBXProject "MVVM_practice" */;
			developmentRegion = en;
			hasScannedForEncodings = 0;
			knownRegions = (
				en,
				Base,
			);
			mainGroup = D69A31592D1BFA6F00DFFEDB;
			minimizedProjectReferenceProxies = 1;
			packageReferences = (
				D69A317E2D1BFCA300DFFEDB /* XCRemoteSwiftPackageReference "Then" */,
				D69A31812D1BFCBA00DFFEDB /* XCRemoteSwiftPackageReference "SnapKit" */,
				D6C609AC2D1C2AD100DEE0EE /* XCRemoteSwiftPackageReference "Alamofire" */,
			);
			preferredProjectObjectVersion = 77;
			productRefGroup = D69A31632D1BFA6F00DFFEDB /* Products */;
			projectDirPath = "";
			projectRoot = "";
			targets = (
				D69A31612D1BFA6F00DFFEDB /* MVVM_practice */,
			);
		};
/* End PBXProject section */

/* Begin PBXResourcesBuildPhase section */
		D69A31602D1BFA6F00DFFEDB /* Resources */ = {
			isa = PBXResourcesBuildPhase;
			buildActionMask = 2147483647;
			files = (
				D69A31722D1BFA7100DFFEDB /* LaunchScreen.storyboard in Resources */,
				D69A316F2D1BFA7100DFFEDB /* Assets.xcassets in Resources */,
				D69A316D2D1BFA6F00DFFEDB /* Main.storyboard in Resources */,
			);
			runOnlyForDeploymentPostprocessing = 0;
		};
/* End PBXResourcesBuildPhase section */

/* Begin PBXSourcesBuildPhase section */
		D69A315E2D1BFA6F00DFFEDB /* Sources */ = {
			isa = PBXSourcesBuildPhase;
			buildActionMask = 2147483647;
			files = (
				D69A316A2D1BFA6F00DFFEDB /* ViewController.swift in Sources */,
				D69A31662D1BFA6F00DFFEDB /* AppDelegate.swift in Sources */,
				D69A31682D1BFA6F00DFFEDB /* SceneDelegate.swift in Sources */,
				D69A318D2D1C0D7400DFFEDB /* LoginViewModel.swift in Sources */,
				D64AD40C2D1C7EA400B3BD4B /* RootNavigationView.swift in Sources */,
				D69A318F2D1C0D9800DFFEDB /* UserModel.swift in Sources */,
				D64D7B0B2D1C3670000495C2 /* TaskViewModel.swift in Sources */,
				D69A318B2D1C0BCB00DFFEDB /* UserLoginViewController.swift in Sources */,
				D64D7B092D1C3583000495C2 /* TaskModel.swift in Sources */,
				D64D7B0D2D1C36D9000495C2 /* TaskViewController.swift in Sources */,
			);
			runOnlyForDeploymentPostprocessing = 0;
		};
/* End PBXSourcesBuildPhase section */

/* Begin PBXVariantGroup section */
		D69A316B2D1BFA6F00DFFEDB /* Main.storyboard */ = {
			isa = PBXVariantGroup;
			children = (
				D69A316C2D1BFA6F00DFFEDB /* Base */,
			);
			name = Main.storyboard;
			sourceTree = "<group>";
		};
		D69A31702D1BFA7100DFFEDB /* LaunchScreen.storyboard */ = {
			isa = PBXVariantGroup;
			children = (
				D69A31712D1BFA7100DFFEDB /* Base */,
			);
			name = LaunchScreen.storyboard;
			sourceTree = "<group>";
		};
/* End PBXVariantGroup section */

/* Begin XCBuildConfiguration section */
		D69A31762D1BFA7100DFFEDB /* Debug */ = {
			isa = XCBuildConfiguration;
			buildSettings = {
				ASSETCATALOG_COMPILER_APPICON_NAME = AppIcon;
				ASSETCATALOG_COMPILER_GLOBAL_ACCENT_COLOR_NAME = AccentColor;
				CODE_SIGN_STYLE = Automatic;
				CURRENT_PROJECT_VERSION = 1;
				DEVELOPMENT_TEAM = 5UQJWXQTJD;
				GENERATE_INFOPLIST_FILE = YES;
				INFOPLIST_FILE = Application/Info.plist;
				INFOPLIST_KEY_UIApplicationSupportsIndirectInputEvents = YES;
				INFOPLIST_KEY_UILaunchStoryboardName = LaunchScreen;
				INFOPLIST_KEY_UIMainStoryboardFile = Main;
				INFOPLIST_KEY_UISupportedInterfaceOrientations_iPad = "UIInterfaceOrientationPortrait UIInterfaceOrientationPortraitUpsideDown UIInterfaceOrientationLandscapeLeft UIInterfaceOrientationLandscapeRight";
				INFOPLIST_KEY_UISupportedInterfaceOrientations_iPhone = "UIInterfaceOrientationPortrait UIInterfaceOrientationLandscapeLeft UIInterfaceOrientationLandscapeRight";
				LD_RUNPATH_SEARCH_PATHS = (
					"$(inherited)",
					"@executable_path/Frameworks",
				);
				MARKETING_VERSION = 1.0;
				PRODUCT_BUNDLE_IDENTIFIER = "practice.MVVM-practice";
				PRODUCT_NAME = "$(TARGET_NAME)";
				SWIFT_EMIT_LOC_STRINGS = YES;
				SWIFT_VERSION = 5.0;
				TARGETED_DEVICE_FAMILY = "1,2";
			};
			name = Debug;
		};
		D69A31772D1BFA7100DFFEDB /* Release */ = {
			isa = XCBuildConfiguration;
			buildSettings = {
				ASSETCATALOG_COMPILER_APPICON_NAME = AppIcon;
				ASSETCATALOG_COMPILER_GLOBAL_ACCENT_COLOR_NAME = AccentColor;
				CODE_SIGN_STYLE = Automatic;
				CURRENT_PROJECT_VERSION = 1;
				DEVELOPMENT_TEAM = 5UQJWXQTJD;
				GENERATE_INFOPLIST_FILE = YES;
				INFOPLIST_FILE = Application/Info.plist;
				INFOPLIST_KEY_UIApplicationSupportsIndirectInputEvents = YES;
				INFOPLIST_KEY_UILaunchStoryboardName = LaunchScreen;
				INFOPLIST_KEY_UIMainStoryboardFile = Main;
				INFOPLIST_KEY_UISupportedInterfaceOrientations_iPad = "UIInterfaceOrientationPortrait UIInterfaceOrientationPortraitUpsideDown UIInterfaceOrientationLandscapeLeft UIInterfaceOrientationLandscapeRight";
				INFOPLIST_KEY_UISupportedInterfaceOrientations_iPhone = "UIInterfaceOrientationPortrait UIInterfaceOrientationLandscapeLeft UIInterfaceOrientationLandscapeRight";
				LD_RUNPATH_SEARCH_PATHS = (
					"$(inherited)",
					"@executable_path/Frameworks",
				);
				MARKETING_VERSION = 1.0;
				PRODUCT_BUNDLE_IDENTIFIER = "practice.MVVM-practice";
				PRODUCT_NAME = "$(TARGET_NAME)";
				SWIFT_EMIT_LOC_STRINGS = YES;
				SWIFT_VERSION = 5.0;
				TARGETED_DEVICE_FAMILY = "1,2";
			};
			name = Release;
		};
		D69A31782D1BFA7100DFFEDB /* Debug */ = {
			isa = XCBuildConfiguration;
			buildSettings = {
				ALWAYS_SEARCH_USER_PATHS = NO;
				ASSETCATALOG_COMPILER_GENERATE_SWIFT_ASSET_SYMBOL_EXTENSIONS = YES;
				CLANG_ANALYZER_NONNULL = YES;
				CLANG_ANALYZER_NUMBER_OBJECT_CONVERSION = YES_AGGRESSIVE;
				CLANG_CXX_LANGUAGE_STANDARD = "gnu++20";
				CLANG_ENABLE_MODULES = YES;
				CLANG_ENABLE_OBJC_ARC = YES;
				CLANG_ENABLE_OBJC_WEAK = YES;
				CLANG_WARN_BLOCK_CAPTURE_AUTORELEASING = YES;
				CLANG_WARN_BOOL_CONVERSION = YES;
				CLANG_WARN_COMMA = YES;
				CLANG_WARN_CONSTANT_CONVERSION = YES;
				CLANG_WARN_DEPRECATED_OBJC_IMPLEMENTATIONS = YES;
				CLANG_WARN_DIRECT_OBJC_ISA_USAGE = YES_ERROR;
				CLANG_WARN_DOCUMENTATION_COMMENTS = YES;
				CLANG_WARN_EMPTY_BODY = YES;
				CLANG_WARN_ENUM_CONVERSION = YES;
				CLANG_WARN_INFINITE_RECURSION = YES;
				CLANG_WARN_INT_CONVERSION = YES;
				CLANG_WARN_NON_LITERAL_NULL_CONVERSION = YES;
				CLANG_WARN_OBJC_IMPLICIT_RETAIN_SELF = YES;
				CLANG_WARN_OBJC_LITERAL_CONVERSION = YES;
				CLANG_WARN_OBJC_ROOT_CLASS = YES_ERROR;
				CLANG_WARN_QUOTED_INCLUDE_IN_FRAMEWORK_HEADER = YES;
				CLANG_WARN_RANGE_LOOP_ANALYSIS = YES;
				CLANG_WARN_STRICT_PROTOTYPES = YES;
				CLANG_WARN_SUSPICIOUS_MOVE = YES;
				CLANG_WARN_UNGUARDED_AVAILABILITY = YES_AGGRESSIVE;
				CLANG_WARN_UNREACHABLE_CODE = YES;
				CLANG_WARN__DUPLICATE_METHOD_MATCH = YES;
				COPY_PHASE_STRIP = NO;
				DEBUG_INFORMATION_FORMAT = dwarf;
				ENABLE_STRICT_OBJC_MSGSEND = YES;
				ENABLE_TESTABILITY = YES;
				ENABLE_USER_SCRIPT_SANDBOXING = YES;
				GCC_C_LANGUAGE_STANDARD = gnu17;
				GCC_DYNAMIC_NO_PIC = NO;
				GCC_NO_COMMON_BLOCKS = YES;
				GCC_OPTIMIZATION_LEVEL = 0;
				GCC_PREPROCESSOR_DEFINITIONS = (
					"DEBUG=1",
					"$(inherited)",
				);
				GCC_WARN_64_TO_32_BIT_CONVERSION = YES;
				GCC_WARN_ABOUT_RETURN_TYPE = YES_ERROR;
				GCC_WARN_UNDECLARED_SELECTOR = YES;
				GCC_WARN_UNINITIALIZED_AUTOS = YES_AGGRESSIVE;
				GCC_WARN_UNUSED_FUNCTION = YES;
				GCC_WARN_UNUSED_VARIABLE = YES;
				IPHONEOS_DEPLOYMENT_TARGET = 18.2;
				LOCALIZATION_PREFERS_STRING_CATALOGS = YES;
				MTL_ENABLE_DEBUG_INFO = INCLUDE_SOURCE;
				MTL_FAST_MATH = YES;
				ONLY_ACTIVE_ARCH = YES;
				SDKROOT = iphoneos;
				SWIFT_ACTIVE_COMPILATION_CONDITIONS = "DEBUG $(inherited)";
				SWIFT_OPTIMIZATION_LEVEL = "-Onone";
			};
			name = Debug;
		};
		D69A31792D1BFA7100DFFEDB /* Release */ = {
			isa = XCBuildConfiguration;
			buildSettings = {
				ALWAYS_SEARCH_USER_PATHS = NO;
				ASSETCATALOG_COMPILER_GENERATE_SWIFT_ASSET_SYMBOL_EXTENSIONS = YES;
				CLANG_ANALYZER_NONNULL = YES;
				CLANG_ANALYZER_NUMBER_OBJECT_CONVERSION = YES_AGGRESSIVE;
				CLANG_CXX_LANGUAGE_STANDARD = "gnu++20";
				CLANG_ENABLE_MODULES = YES;
				CLANG_ENABLE_OBJC_ARC = YES;
				CLANG_ENABLE_OBJC_WEAK = YES;
				CLANG_WARN_BLOCK_CAPTURE_AUTORELEASING = YES;
				CLANG_WARN_BOOL_CONVERSION = YES;
				CLANG_WARN_COMMA = YES;
				CLANG_WARN_CONSTANT_CONVERSION = YES;
				CLANG_WARN_DEPRECATED_OBJC_IMPLEMENTATIONS = YES;
				CLANG_WARN_DIRECT_OBJC_ISA_USAGE = YES_ERROR;
				CLANG_WARN_DOCUMENTATION_COMMENTS = YES;
				CLANG_WARN_EMPTY_BODY = YES;
				CLANG_WARN_ENUM_CONVERSION = YES;
				CLANG_WARN_INFINITE_RECURSION = YES;
				CLANG_WARN_INT_CONVERSION = YES;
				CLANG_WARN_NON_LITERAL_NULL_CONVERSION = YES;
				CLANG_WARN_OBJC_IMPLICIT_RETAIN_SELF = YES;
				CLANG_WARN_OBJC_LITERAL_CONVERSION = YES;
				CLANG_WARN_OBJC_ROOT_CLASS = YES_ERROR;
				CLANG_WARN_QUOTED_INCLUDE_IN_FRAMEWORK_HEADER = YES;
				CLANG_WARN_RANGE_LOOP_ANALYSIS = YES;
				CLANG_WARN_STRICT_PROTOTYPES = YES;
				CLANG_WARN_SUSPICIOUS_MOVE = YES;
				CLANG_WARN_UNGUARDED_AVAILABILITY = YES_AGGRESSIVE;
				CLANG_WARN_UNREACHABLE_CODE = YES;
				CLANG_WARN__DUPLICATE_METHOD_MATCH = YES;
				COPY_PHASE_STRIP = NO;
				DEBUG_INFORMATION_FORMAT = "dwarf-with-dsym";
				ENABLE_NS_ASSERTIONS = NO;
				ENABLE_STRICT_OBJC_MSGSEND = YES;
				ENABLE_USER_SCRIPT_SANDBOXING = YES;
				GCC_C_LANGUAGE_STANDARD = gnu17;
				GCC_NO_COMMON_BLOCKS = YES;
				GCC_WARN_64_TO_32_BIT_CONVERSION = YES;
				GCC_WARN_ABOUT_RETURN_TYPE = YES_ERROR;
				GCC_WARN_UNDECLARED_SELECTOR = YES;
				GCC_WARN_UNINITIALIZED_AUTOS = YES_AGGRESSIVE;
				GCC_WARN_UNUSED_FUNCTION = YES;
				GCC_WARN_UNUSED_VARIABLE = YES;
				IPHONEOS_DEPLOYMENT_TARGET = 18.2;
				LOCALIZATION_PREFERS_STRING_CATALOGS = YES;
				MTL_ENABLE_DEBUG_INFO = NO;
				MTL_FAST_MATH = YES;
				SDKROOT = iphoneos;
				SWIFT_COMPILATION_MODE = wholemodule;
				VALIDATE_PRODUCT = YES;
			};
			name = Release;
		};
/* End XCBuildConfiguration section */

/* Begin XCConfigurationList section */
		D69A315D2D1BFA6F00DFFEDB /* Build configuration list for PBXProject "MVVM_practice" */ = {
			isa = XCConfigurationList;
			buildConfigurations = (
				D69A31782D1BFA7100DFFEDB /* Debug */,
				D69A31792D1BFA7100DFFEDB /* Release */,
			);
			defaultConfigurationIsVisible = 0;
			defaultConfigurationName = Release;
		};
		D69A31752D1BFA7100DFFEDB /* Build configuration list for PBXNativeTarget "MVVM_practice" */ = {
			isa = XCConfigurationList;
			buildConfigurations = (
				D69A31762D1BFA7100DFFEDB /* Debug */,
				D69A31772D1BFA7100DFFEDB /* Release */,
			);
			defaultConfigurationIsVisible = 0;
			defaultConfigurationName = Release;
		};
/* End XCConfigurationList section */

/* Begin XCRemoteSwiftPackageReference section */
		D69A317E2D1BFCA300DFFEDB /* XCRemoteSwiftPackageReference "Then" */ = {
			isa = XCRemoteSwiftPackageReference;
			repositoryURL = "https://github.com/devxoul/Then";
			requirement = {
				kind = upToNextMajorVersion;
				minimumVersion = 3.0.0;
			};
		};
		D69A31812D1BFCBA00DFFEDB /* XCRemoteSwiftPackageReference "SnapKit" */ = {
			isa = XCRemoteSwiftPackageReference;
			repositoryURL = "https://github.com/SnapKit/SnapKit.git";
			requirement = {
				kind = upToNextMajorVersion;
				minimumVersion = 5.7.1;
			};
		};
		D6C609AC2D1C2AD100DEE0EE /* XCRemoteSwiftPackageReference "Alamofire" */ = {
			isa = XCRemoteSwiftPackageReference;
			repositoryURL = "https://github.com/Alamofire/Alamofire.git";
			requirement = {
				kind = upToNextMajorVersion;
				minimumVersion = 5.10.2;
			};
		};
/* End XCRemoteSwiftPackageReference section */

/* Begin XCSwiftPackageProductDependency section */
		D69A317F2D1BFCA300DFFEDB /* Then */ = {
			isa = XCSwiftPackageProductDependency;
			package = D69A317E2D1BFCA300DFFEDB /* XCRemoteSwiftPackageReference "Then" */;
			productName = Then;
		};
		D69A31822D1BFCBA00DFFEDB /* SnapKit */ = {
			isa = XCSwiftPackageProductDependency;
			package = D69A31812D1BFCBA00DFFEDB /* XCRemoteSwiftPackageReference "SnapKit" */;
			productName = SnapKit;
		};
		D6C609AD2D1C2AD100DEE0EE /* Alamofire */ = {
			isa = XCSwiftPackageProductDependency;
			package = D6C609AC2D1C2AD100DEE0EE /* XCRemoteSwiftPackageReference "Alamofire" */;
			productName = Alamofire;
		};
/* End XCSwiftPackageProductDependency section */
	};
	rootObject = D69A315A2D1BFA6F00DFFEDB /* Project object */;
}
